
Microsoft Visual Studio Solution File, Format Version 12.00
# Visual Studio Version 17
VisualStudioVersion = 17.9.34728.123
MinimumVisualStudioVersion = 10.0.40219.1
Project("{8BC9CEB8-8B4A-11D0-8D11-00A0C91BC942}") = "Radix Sort using C++ STL Thread", "Radix Sort using C++ STL Thread\Radix Sort using C++ STL Thread.vcxproj", "{FF1D0B39-179B-43A8-85C2-F799CFF4F1A5}"
EndProject
Global
	GlobalSection(SolutionConfigurationPlatforms) = preSolution
		Debug|x64 = Debug|x64
		Debug|x86 = Debug|x86
		Release|x64 = Release|x64
		Release|x86 = Release|x86
	EndGlobalSection
	GlobalSection(ProjectConfigurationPlatforms) = postSolution
		{FF1D0B39-179B-43A8-85C2-F799CFF4F1A5}.Debug|x64.ActiveCfg = Debug|x64
		{FF1D0B39-179B-43A8-85C2-F799CFF4F1A5}.Debug|x64.Build.0 = Debug|x64
		{FF1D0B39-179B-43A8-85C2-F799CFF4F1A5}.Debug|x86.ActiveCfg = Debug|Win32
		{FF1D0B39-179B-43A8-85C2-F799CFF4F1A5}.Debug|x86.Build.0 = Debug|Win32
		{FF1D0B39-179B-43A8-85C2-F799CFF4F1A5}.Release|x64.ActiveCfg = Release|x64
		{FF1D0B39-179B-43A8-85C2-F799CFF4F1A5}.Release|x64.Build.0 = Release|x64
		{FF1D0B39-179B-43A8-85C2-F799CFF4F1A5}.Release|x86.ActiveCfg = Release|Win32
		{FF1D0B39-179B-43A8-85C2-F799CFF4F1A5}.Release|x86.Build.0 = Release|Win32
	EndGlobalSection
	GlobalSection(SolutionProperties) = preSolution
		HideSolutionNode = FALSE
	EndGlobalSection
	GlobalSection(ExtensibilityGlobals) = postSolution
		SolutionGuid = {9F41A2B6-769E-4D8A-AD2A-789A0EC35291}
	EndGlobalSection
EndGlobal
